
Microsoft Visual Studio Solution File, Format Version 12.00
# Visual Studio Version 17
VisualStudioVersion = 17.0.31903.59
MinimumVisualStudioVersion = 10.0.40219.1
Project("{FAE04EC0-301F-11D3-BF4B-00C04F79EFBC}") = "Glideslope.Core", "src\Glideslope.Core\Glideslope.Core.csproj", "{0B18A7F4-2D54-4CC0-84EE-3F4C9B8C6F14}"
EndProject
Project("{FAE04EC0-301F-11D3-BF4B-00C04F79EFBC}") = "Glideslope.App", "src\Glideslope.App\Glideslope.App.csproj", "{74AEF1AA-1F6E-4A0B-9B4D-2B3F1E9B5B7D}"
EndProject
Project("{FAE04EC0-301F-11D3-BF4B-00C04F79EFBC}") = "Glideslope.Shell.Specs", "src\Glideslope.Shell.Specs\Glideslope.Shell.Specs.csproj", "{3B3EBFCE-CB51-44F1-B12E-628F98B1A0E0}"
EndProject
Project("{FAE04EC0-301F-11D3-BF4B-00C04F79EFBC}") = "Glideslope.Storage.Specs", "src\Glideslope.Storage.Specs\Glideslope.Storage.Specs.csproj", "{FF907F87-C4F6-46A4-9D19-42405FEC9D5E}"
EndProject
Project("{2150E333-8FDC-42A3-9474-1A3956D46DE8}") = "src", "src", "{827E0CD3-B72D-47B6-A68D-7590B98EB39B}"
EndProject
Project("{FAE04EC0-301F-11D3-BF4B-00C04F79EFBC}") = "Glideslope.Domain.Specs", "src\Glideslope.Domain.Specs\Glideslope.Domain.Specs.csproj", "{57A7B552-490B-4FFC-9E34-6E22CE38BE08}"
EndProject
Project("{FAE04EC0-301F-11D3-BF4B-00C04F79EFBC}") = "Glideslope.Domain", "src\Glideslope.Domain\Glideslope.Domain.csproj", "{1FD7B208-399C-4E14-BA85-B6EAB342F55A}"
EndProject
Project("{FAE04EC0-301F-11D3-BF4B-00C04F79EFBC}") = "Glideslope.Monitoring.Specs", "src\Glideslope.Monitoring.Specs\Glideslope.Monitoring.Specs.csproj", "{423A8BAA-3769-4A8E-841A-8C3E15151CAB}"
EndProject
Project("{FAE04EC0-301F-11D3-BF4B-00C04F79EFBC}") = "Glideslope.Monitoring", "src\Glideslope.Monitoring\Glideslope.Monitoring.csproj", "{F8456660-4E42-4FF5-A31F-DC21C6295D54}"
EndProject
Project("{FAE04EC0-301F-11D3-BF4B-00C04F79EFBC}") = "Glideslope.Providers.Specs", "src\Glideslope.Providers.Specs\Glideslope.Providers.Specs.csproj", "{3A5E4117-035C-4C17-8220-71955671601C}"
EndProject
Project("{FAE04EC0-301F-11D3-BF4B-00C04F79EFBC}") = "Glideslope.Providers", "src\Glideslope.Providers\Glideslope.Providers.csproj", "{D51441D0-D33E-46B7-9E2B-A5C38B36E469}"
EndProject
Project("{FAE04EC0-301F-11D3-BF4B-00C04F79EFBC}") = "Glideslope.Storage", "src\Glideslope.Storage\Glideslope.Storage.csproj", "{4368867D-D49E-4FCA-9989-90E1CA8C99C7}"
EndProject
Project("{FAE04EC0-301F-11D3-BF4B-00C04F79EFBC}") = "Glideslope.Core.Layout.Specs", "src\Glideslope.Core.Layout.Specs\Glideslope.Core.Layout.Specs.csproj", "{596BFA57-7019-4DCA-AF65-A9A8F46C1D19}"
EndProject
Project("{FAE04EC0-301F-11D3-BF4B-00C04F79EFBC}") = "Glideslope.NativeProof", "src\Glideslope.NativeProof\Glideslope.NativeProof.csproj", "{09D4C7E7-EB81-46CA-8F3C-309830E2BD1F}"
EndProject
Global
	GlobalSection(SolutionConfigurationPlatforms) = preSolution
		Debug|Any CPU = Debug|Any CPU
		Debug|x64 = Debug|x64
		Debug|x86 = Debug|x86
		Release|Any CPU = Release|Any CPU
		Release|x64 = Release|x64
		Release|x86 = Release|x86
	EndGlobalSection
	GlobalSection(ProjectConfigurationPlatforms) = postSolution
		{0B18A7F4-2D54-4CC0-84EE-3F4C9B8C6F14}.Debug|Any CPU.ActiveCfg = Debug|Any CPU
		{0B18A7F4-2D54-4CC0-84EE-3F4C9B8C6F14}.Debug|Any CPU.Build.0 = Debug|Any CPU
		{0B18A7F4-2D54-4CC0-84EE-3F4C9B8C6F14}.Debug|x64.ActiveCfg = Debug|Any CPU
		{0B18A7F4-2D54-4CC0-84EE-3F4C9B8C6F14}.Debug|x64.Build.0 = Debug|Any CPU
		{0B18A7F4-2D54-4CC0-84EE-3F4C9B8C6F14}.Debug|x86.ActiveCfg = Debug|Any CPU
		{0B18A7F4-2D54-4CC0-84EE-3F4C9B8C6F14}.Debug|x86.Build.0 = Debug|Any CPU
		{0B18A7F4-2D54-4CC0-84EE-3F4C9B8C6F14}.Release|Any CPU.ActiveCfg = Release|Any CPU
		{0B18A7F4-2D54-4CC0-84EE-3F4C9B8C6F14}.Release|Any CPU.Build.0 = Release|Any CPU
		{0B18A7F4-2D54-4CC0-84EE-3F4C9B8C6F14}.Release|x64.ActiveCfg = Release|Any CPU
		{0B18A7F4-2D54-4CC0-84EE-3F4C9B8C6F14}.Release|x64.Build.0 = Release|Any CPU
		{0B18A7F4-2D54-4CC0-84EE-3F4C9B8C6F14}.Release|x86.ActiveCfg = Release|Any CPU
		{0B18A7F4-2D54-4CC0-84EE-3F4C9B8C6F14}.Release|x86.Build.0 = Release|Any CPU
		{74AEF1AA-1F6E-4A0B-9B4D-2B3F1E9B5B7D}.Debug|Any CPU.ActiveCfg = Debug|Any CPU
		{74AEF1AA-1F6E-4A0B-9B4D-2B3F1E9B5B7D}.Debug|Any CPU.Build.0 = Debug|Any CPU
		{74AEF1AA-1F6E-4A0B-9B4D-2B3F1E9B5B7D}.Debug|x64.ActiveCfg = Debug|Any CPU
		{74AEF1AA-1F6E-4A0B-9B4D-2B3F1E9B5B7D}.Debug|x64.Build.0 = Debug|Any CPU
		{74AEF1AA-1F6E-4A0B-9B4D-2B3F1E9B5B7D}.Debug|x86.ActiveCfg = Debug|Any CPU
		{74AEF1AA-1F6E-4A0B-9B4D-2B3F1E9B5B7D}.Debug|x86.Build.0 = Debug|Any CPU
		{74AEF1AA-1F6E-4A0B-9B4D-2B3F1E9B5B7D}.Release|Any CPU.ActiveCfg = Release|Any CPU
		{74AEF1AA-1F6E-4A0B-9B4D-2B3F1E9B5B7D}.Release|Any CPU.Build.0 = Release|Any CPU
		{74AEF1AA-1F6E-4A0B-9B4D-2B3F1E9B5B7D}.Release|x64.ActiveCfg = Release|Any CPU
		{74AEF1AA-1F6E-4A0B-9B4D-2B3F1E9B5B7D}.Release|x64.Build.0 = Release|Any CPU
		{74AEF1AA-1F6E-4A0B-9B4D-2B3F1E9B5B7D}.Release|x86.ActiveCfg = Release|Any CPU
		{74AEF1AA-1F6E-4A0B-9B4D-2B3F1E9B5B7D}.Release|x86.Build.0 = Release|Any CPU
		{3B3EBFCE-CB51-44F1-B12E-628F98B1A0E0}.Debug|Any CPU.ActiveCfg = Debug|Any CPU
		{3B3EBFCE-CB51-44F1-B12E-628F98B1A0E0}.Debug|Any CPU.Build.0 = Debug|Any CPU
		{3B3EBFCE-CB51-44F1-B12E-628F98B1A0E0}.Debug|x64.ActiveCfg = Debug|Any CPU
		{3B3EBFCE-CB51-44F1-B12E-628F98B1A0E0}.Debug|x64.Build.0 = Debug|Any CPU
		{3B3EBFCE-CB51-44F1-B12E-628F98B1A0E0}.Debug|x86.ActiveCfg = Debug|Any CPU
		{3B3EBFCE-CB51-44F1-B12E-628F98B1A0E0}.Debug|x86.Build.0 = Debug|Any CPU
		{3B3EBFCE-CB51-44F1-B12E-628F98B1A0E0}.Release|Any CPU.ActiveCfg = Release|Any CPU
		{3B3EBFCE-CB51-44F1-B12E-628F98B1A0E0}.Release|Any CPU.Build.0 = Release|Any CPU
		{3B3EBFCE-CB51-44F1-B12E-628F98B1A0E0}.Release|x64.ActiveCfg = Release|Any CPU
		{3B3EBFCE-CB51-44F1-B12E-628F98B1A0E0}.Release|x64.Build.0 = Release|Any CPU
		{3B3EBFCE-CB51-44F1-B12E-628F98B1A0E0}.Release|x86.ActiveCfg = Release|Any CPU
		{3B3EBFCE-CB51-44F1-B12E-628F98B1A0E0}.Release|x86.Build.0 = Release|Any CPU
		{FF907F87-C4F6-46A4-9D19-42405FEC9D5E}.Debug|Any CPU.ActiveCfg = Debug|Any CPU
		{FF907F87-C4F6-46A4-9D19-42405FEC9D5E}.Debug|Any CPU.Build.0 = Debug|Any CPU
		{FF907F87-C4F6-46A4-9D19-42405FEC9D5E}.Debug|x64.ActiveCfg = Debug|Any CPU
		{FF907F87-C4F6-46A4-9D19-42405FEC9D5E}.Debug|x64.Build.0 = Debug|Any CPU
		{FF907F87-C4F6-46A4-9D19-42405FEC9D5E}.Debug|x86.ActiveCfg = Debug|Any CPU
		{FF907F87-C4F6-46A4-9D19-42405FEC9D5E}.Debug|x86.Build.0 = Debug|Any CPU
		{FF907F87-C4F6-46A4-9D19-42405FEC9D5E}.Release|Any CPU.ActiveCfg = Release|Any CPU
		{FF907F87-C4F6-46A4-9D19-42405FEC9D5E}.Release|Any CPU.Build.0 = Release|Any CPU
		{FF907F87-C4F6-46A4-9D19-42405FEC9D5E}.Release|x64.ActiveCfg = Release|Any CPU
		{FF907F87-C4F6-46A4-9D19-42405FEC9D5E}.Release|x64.Build.0 = Release|Any CPU
		{FF907F87-C4F6-46A4-9D19-42405FEC9D5E}.Release|x86.ActiveCfg = Release|Any CPU
		{FF907F87-C4F6-46A4-9D19-42405FEC9D5E}.Release|x86.Build.0 = Release|Any CPU
		{57A7B552-490B-4FFC-9E34-6E22CE38BE08}.Debug|Any CPU.ActiveCfg = Debug|Any CPU
		{57A7B552-490B-4FFC-9E34-6E22CE38BE08}.Debug|Any CPU.Build.0 = Debug|Any CPU
		{57A7B552-490B-4FFC-9E34-6E22CE38BE08}.Debug|x64.ActiveCfg = Debug|Any CPU
		{57A7B552-490B-4FFC-9E34-6E22CE38BE08}.Debug|x64.Build.0 = Debug|Any CPU
		{57A7B552-490B-4FFC-9E34-6E22CE38BE08}.Debug|x86.ActiveCfg = Debug|Any CPU
		{57A7B552-490B-4FFC-9E34-6E22CE38BE08}.Debug|x86.Build.0 = Debug|Any CPU
		{57A7B552-490B-4FFC-9E34-6E22CE38BE08}.Release|Any CPU.ActiveCfg = Release|Any CPU
		{57A7B552-490B-4FFC-9E34-6E22CE38BE08}.Release|Any CPU.Build.0 = Release|Any CPU
		{57A7B552-490B-4FFC-9E34-6E22CE38BE08}.Release|x64.ActiveCfg = Release|Any CPU
		{57A7B552-490B-4FFC-9E34-6E22CE38BE08}.Release|x64.Build.0 = Release|Any CPU
		{57A7B552-490B-4FFC-9E34-6E22CE38BE08}.Release|x86.ActiveCfg = Release|Any CPU
		{57A7B552-490B-4FFC-9E34-6E22CE38BE08}.Release|x86.Build.0 = Release|Any CPU
		{1FD7B208-399C-4E14-BA85-B6EAB342F55A}.Debug|Any CPU.ActiveCfg = Debug|Any CPU
		{1FD7B208-399C-4E14-BA85-B6EAB342F55A}.Debug|Any CPU.Build.0 = Debug|Any CPU
		{1FD7B208-399C-4E14-BA85-B6EAB342F55A}.Debug|x64.ActiveCfg = Debug|Any CPU
		{1FD7B208-399C-4E14-BA85-B6EAB342F55A}.Debug|x64.Build.0 = Debug|Any CPU
		{1FD7B208-399C-4E14-BA85-B6EAB342F55A}.Debug|x86.ActiveCfg = Debug|Any CPU
		{1FD7B208-399C-4E14-BA85-B6EAB342F55A}.Debug|x86.Build.0 = Debug|Any CPU
		{1FD7B208-399C-4E14-BA85-B6EAB342F55A}.Release|Any CPU.ActiveCfg = Release|Any CPU
		{1FD7B208-399C-4E14-BA85-B6EAB342F55A}.Release|Any CPU.Build.0 = Release|Any CPU
		{1FD7B208-399C-4E14-BA85-B6EAB342F55A}.Release|x64.ActiveCfg = Release|Any CPU
		{1FD7B208-399C-4E14-BA85-B6EAB342F55A}.Release|x64.Build.0 = Release|Any CPU
		{1FD7B208-399C-4E14-BA85-B6EAB342F55A}.Release|x86.ActiveCfg = Release|Any CPU
		{1FD7B208-399C-4E14-BA85-B6EAB342F55A}.Release|x86.Build.0 = Release|Any CPU
		{423A8BAA-3769-4A8E-841A-8C3E15151CAB}.Debug|Any CPU.ActiveCfg = Debug|Any CPU
		{423A8BAA-3769-4A8E-841A-8C3E15151CAB}.Debug|Any CPU.Build.0 = Debug|Any CPU
		{423A8BAA-3769-4A8E-841A-8C3E15151CAB}.Debug|x64.ActiveCfg = Debug|Any CPU
		{423A8BAA-3769-4A8E-841A-8C3E15151CAB}.Debug|x64.Build.0 = Debug|Any CPU
		{423A8BAA-3769-4A8E-841A-8C3E15151CAB}.Debug|x86.ActiveCfg = Debug|Any CPU
		{423A8BAA-3769-4A8E-841A-8C3E15151CAB}.Debug|x86.Build.0 = Debug|Any CPU
		{423A8BAA-3769-4A8E-841A-8C3E15151CAB}.Release|Any CPU.ActiveCfg = Release|Any CPU
		{423A8BAA-3769-4A8E-841A-8C3E15151CAB}.Release|Any CPU.Build.0 = Release|Any CPU
		{423A8BAA-3769-4A8E-841A-8C3E15151CAB}.Release|x64.ActiveCfg = Release|Any CPU
		{423A8BAA-3769-4A8E-841A-8C3E15151CAB}.Release|x64.Build.0 = Release|Any CPU
		{423A8BAA-3769-4A8E-841A-8C3E15151CAB}.Release|x86.ActiveCfg = Release|Any CPU
		{423A8BAA-3769-4A8E-841A-8C3E15151CAB}.Release|x86.Build.0 = Release|Any CPU
		{F8456660-4E42-4FF5-A31F-DC21C6295D54}.Debug|Any CPU.ActiveCfg = Debug|Any CPU
		{F8456660-4E42-4FF5-A31F-DC21C6295D54}.Debug|Any CPU.Build.0 = Debug|Any CPU
		{F8456660-4E42-4FF5-A31F-DC21C6295D54}.Debug|x64.ActiveCfg = Debug|Any CPU
		{F8456660-4E42-4FF5-A31F-DC21C6295D54}.Debug|x64.Build.0 = Debug|Any CPU
		{F8456660-4E42-4FF5-A31F-DC21C6295D54}.Debug|x86.ActiveCfg = Debug|Any CPU
		{F8456660-4E42-4FF5-A31F-DC21C6295D54}.Debug|x86.Build.0 = Debug|Any CPU
		{F8456660-4E42-4FF5-A31F-DC21C6295D54}.Release|Any CPU.ActiveCfg = Release|Any CPU
		{F8456660-4E42-4FF5-A31F-DC21C6295D54}.Release|Any CPU.Build.0 = Release|Any CPU
		{F8456660-4E42-4FF5-A31F-DC21C6295D54}.Release|x64.ActiveCfg = Release|Any CPU
		{F8456660-4E42-4FF5-A31F-DC21C6295D54}.Release|x64.Build.0 = Release|Any CPU
		{F8456660-4E42-4FF5-A31F-DC21C6295D54}.Release|x86.ActiveCfg = Release|Any CPU
		{F8456660-4E42-4FF5-A31F-DC21C6295D54}.Release|x86.Build.0 = Release|Any CPU
		{3A5E4117-035C-4C17-8220-71955671601C}.Debug|Any CPU.ActiveCfg = Debug|Any CPU
		{3A5E4117-035C-4C17-8220-71955671601C}.Debug|Any CPU.Build.0 = Debug|Any CPU
		{3A5E4117-035C-4C17-8220-71955671601C}.Debug|x64.ActiveCfg = Debug|Any CPU
		{3A5E4117-035C-4C17-8220-71955671601C}.Debug|x64.Build.0 = Debug|Any CPU
		{3A5E4117-035C-4C17-8220-71955671601C}.Debug|x86.ActiveCfg = Debug|Any CPU
		{3A5E4117-035C-4C17-8220-71955671601C}.Debug|x86.Build.0 = Debug|Any CPU
		{3A5E4117-035C-4C17-8220-71955671601C}.Release|Any CPU.ActiveCfg = Release|Any CPU
		{3A5E4117-035C-4C17-8220-71955671601C}.Release|Any CPU.Build.0 = Release|Any CPU
		{3A5E4117-035C-4C17-8220-71955671601C}.Release|x64.ActiveCfg = Release|Any CPU
		{3A5E4117-035C-4C17-8220-71955671601C}.Release|x64.Build.0 = Release|Any CPU
		{3A5E4117-035C-4C17-8220-71955671601C}.Release|x86.ActiveCfg = Release|Any CPU
		{3A5E4117-035C-4C17-8220-71955671601C}.Release|x86.Build.0 = Release|Any CPU
		{D51441D0-D33E-46B7-9E2B-A5C38B36E469}.Debug|Any CPU.ActiveCfg = Debug|Any CPU
		{D51441D0-D33E-46B7-9E2B-A5C38B36E469}.Debug|Any CPU.Build.0 = Debug|Any CPU
		{D51441D0-D33E-46B7-9E2B-A5C38B36E469}.Debug|x64.ActiveCfg = Debug|Any CPU
		{D51441D0-D33E-46B7-9E2B-A5C38B36E469}.Debug|x64.Build.0 = Debug|Any CPU
		{D51441D0-D33E-46B7-9E2B-A5C38B36E469}.Debug|x86.ActiveCfg = Debug|Any CPU
		{D51441D0-D33E-46B7-9E2B-A5C38B36E469}.Debug|x86.Build.0 = Debug|Any CPU
		{D51441D0-D33E-46B7-9E2B-A5C38B36E469}.Release|Any CPU.ActiveCfg = Release|Any CPU
		{D51441D0-D33E-46B7-9E2B-A5C38B36E469}.Release|Any CPU.Build.0 = Release|Any CPU
		{D51441D0-D33E-46B7-9E2B-A5C38B36E469}.Release|x64.ActiveCfg = Release|Any CPU
		{D51441D0-D33E-46B7-9E2B-A5C38B36E469}.Release|x64.Build.0 = Release|Any CPU
		{D51441D0-D33E-46B7-9E2B-A5C38B36E469}.Release|x86.ActiveCfg = Release|Any CPU
		{D51441D0-D33E-46B7-9E2B-A5C38B36E469}.Release|x86.Build.0 = Release|Any CPU
		{4368867D-D49E-4FCA-9989-90E1CA8C99C7}.Debug|Any CPU.ActiveCfg = Debug|Any CPU
		{4368867D-D49E-4FCA-9989-90E1CA8C99C7}.Debug|Any CPU.Build.0 = Debug|Any CPU
		{4368867D-D49E-4FCA-9989-90E1CA8C99C7}.Debug|x64.ActiveCfg = Debug|Any CPU
		{4368867D-D49E-4FCA-9989-90E1CA8C99C7}.Debug|x64.Build.0 = Debug|Any CPU
		{4368867D-D49E-4FCA-9989-90E1CA8C99C7}.Debug|x86.ActiveCfg = Debug|Any CPU
		{4368867D-D49E-4FCA-9989-90E1CA8C99C7}.Debug|x86.Build.0 = Debug|Any CPU
		{4368867D-D49E-4FCA-9989-90E1CA8C99C7}.Release|Any CPU.ActiveCfg = Release|Any CPU
		{4368867D-D49E-4FCA-9989-90E1CA8C99C7}.Release|Any CPU.Build.0 = Release|Any CPU
		{4368867D-D49E-4FCA-9989-90E1CA8C99C7}.Release|x64.ActiveCfg = Release|Any CPU
		{4368867D-D49E-4FCA-9989-90E1CA8C99C7}.Release|x64.Build.0 = Release|Any CPU
		{4368867D-D49E-4FCA-9989-90E1CA8C99C7}.Release|x86.ActiveCfg = Release|Any CPU
		{4368867D-D49E-4FCA-9989-90E1CA8C99C7}.Release|x86.Build.0 = Release|Any CPU
		{596BFA57-7019-4DCA-AF65-A9A8F46C1D19}.Debug|Any CPU.ActiveCfg = Debug|Any CPU
		{596BFA57-7019-4DCA-AF65-A9A8F46C1D19}.Debug|Any CPU.Build.0 = Debug|Any CPU
		{596BFA57-7019-4DCA-AF65-A9A8F46C1D19}.Debug|x64.ActiveCfg = Debug|Any CPU
		{596BFA57-7019-4DCA-AF65-A9A8F46C1D19}.Debug|x64.Build.0 = Debug|Any CPU
		{596BFA57-7019-4DCA-AF65-A9A8F46C1D19}.Debug|x86.ActiveCfg = Debug|Any CPU
		{596BFA57-7019-4DCA-AF65-A9A8F46C1D19}.Debug|x86.Build.0 = Debug|Any CPU
		{596BFA57-7019-4DCA-AF65-A9A8F46C1D19}.Release|Any CPU.ActiveCfg = Release|Any CPU
		{596BFA57-7019-4DCA-AF65-A9A8F46C1D19}.Release|Any CPU.Build.0 = Release|Any CPU
		{596BFA57-7019-4DCA-AF65-A9A8F46C1D19}.Release|x64.ActiveCfg = Release|Any CPU
		{596BFA57-7019-4DCA-AF65-A9A8F46C1D19}.Release|x64.Build.0 = Release|Any CPU
		{596BFA57-7019-4DCA-AF65-A9A8F46C1D19}.Release|x86.ActiveCfg = Release|Any CPU
		{596BFA57-7019-4DCA-AF65-A9A8F46C1D19}.Release|x86.Build.0 = Release|Any CPU
		{09D4C7E7-EB81-46CA-8F3C-309830E2BD1F}.Debug|Any CPU.ActiveCfg = Debug|Any CPU
		{09D4C7E7-EB81-46CA-8F3C-309830E2BD1F}.Debug|Any CPU.Build.0 = Debug|Any CPU
		{09D4C7E7-EB81-46CA-8F3C-309830E2BD1F}.Debug|x64.ActiveCfg = Debug|Any CPU
		{09D4C7E7-EB81-46CA-8F3C-309830E2BD1F}.Debug|x64.Build.0 = Debug|Any CPU
		{09D4C7E7-EB81-46CA-8F3C-309830E2BD1F}.Debug|x86.ActiveCfg = Debug|Any CPU
		{09D4C7E7-EB81-46CA-8F3C-309830E2BD1F}.Debug|x86.Build.0 = Debug|Any CPU
		{09D4C7E7-EB81-46CA-8F3C-309830E2BD1F}.Release|Any CPU.ActiveCfg = Release|Any CPU
		{09D4C7E7-EB81-46CA-8F3C-309830E2BD1F}.Release|Any CPU.Build.0 = Release|Any CPU
		{09D4C7E7-EB81-46CA-8F3C-309830E2BD1F}.Release|x64.ActiveCfg = Release|Any CPU
		{09D4C7E7-EB81-46CA-8F3C-309830E2BD1F}.Release|x64.Build.0 = Release|Any CPU
		{09D4C7E7-EB81-46CA-8F3C-309830E2BD1F}.Release|x86.ActiveCfg = Release|Any CPU
		{09D4C7E7-EB81-46CA-8F3C-309830E2BD1F}.Release|x86.Build.0 = Release|Any CPU
	EndGlobalSection
	GlobalSection(SolutionProperties) = preSolution
		HideSolutionNode = FALSE
	EndGlobalSection
	GlobalSection(NestedProjects) = preSolution
		{57A7B552-490B-4FFC-9E34-6E22CE38BE08} = {827E0CD3-B72D-47B6-A68D-7590B98EB39B}
		{1FD7B208-399C-4E14-BA85-B6EAB342F55A} = {827E0CD3-B72D-47B6-A68D-7590B98EB39B}
		{423A8BAA-3769-4A8E-841A-8C3E15151CAB} = {827E0CD3-B72D-47B6-A68D-7590B98EB39B}
		{F8456660-4E42-4FF5-A31F-DC21C6295D54} = {827E0CD3-B72D-47B6-A68D-7590B98EB39B}
		{3A5E4117-035C-4C17-8220-71955671601C} = {827E0CD3-B72D-47B6-A68D-7590B98EB39B}
		{D51441D0-D33E-46B7-9E2B-A5C38B36E469} = {827E0CD3-B72D-47B6-A68D-7590B98EB39B}
		{4368867D-D49E-4FCA-9989-90E1CA8C99C7} = {827E0CD3-B72D-47B6-A68D-7590B98EB39B}
		{596BFA57-7019-4DCA-AF65-A9A8F46C1D19} = {827E0CD3-B72D-47B6-A68D-7590B98EB39B}
		{09D4C7E7-EB81-46CA-8F3C-309830E2BD1F} = {827E0CD3-B72D-47B6-A68D-7590B98EB39B}
	EndGlobalSection
EndGlobal
